
Microsoft Visual Studio Solution File, Format Version 12.00
# Visual Studio Version 16
VisualStudioVersion = 16.0.31005.135
MinimumVisualStudioVersion = 10.0.40219.1
Project("{FAE04EC0-301F-11D3-BF4B-00C04F79EFBC}") = "DataAccess", "DataAccess\DataAccess.csproj", "{FB122D86-4CB1-48D5-905C-CD822D3EF8D1}"
EndProject
Project("{FAE04EC0-301F-11D3-BF4B-00C04F79EFBC}") = "Business", "Business\Business.csproj", "{CC9B2FD2-369A-4965-921D-FF71BEE06BBA}"
EndProject
Project("{FAE04EC0-301F-11D3-BF4B-00C04F79EFBC}") = "Entities", "Entities\Entities.csproj", "{299C4FBB-D8DF-48FB-BD43-16067DC498E2}"
EndProject
Project("{FAE04EC0-301F-11D3-BF4B-00C04F79EFBC}") = "ConsoleUI", "ConsoleUI\ConsoleUI.csproj", "{C811BD6A-7113-4BBC-98AC-9C080EED86AC}"
EndProject
Global
	GlobalSection(SolutionConfigurationPlatforms) = preSolution
		Debug|Any CPU = Debug|Any CPU
		Release|Any CPU = Release|Any CPU
	EndGlobalSection
	GlobalSection(ProjectConfigurationPlatforms) = postSolution
		{FB122D86-4CB1-48D5-905C-CD822D3EF8D1}.Debug|Any CPU.ActiveCfg = Debug|Any CPU
		{FB122D86-4CB1-48D5-905C-CD822D3EF8D1}.Debug|Any CPU.Build.0 = Debug|Any CPU
		{FB122D86-4CB1-48D5-905C-CD822D3EF8D1}.Release|Any CPU.ActiveCfg = Release|Any CPU
		{FB122D86-4CB1-48D5-905C-CD822D3EF8D1}.Release|Any CPU.Build.0 = Release|Any CPU
		{CC9B2FD2-369A-4965-921D-FF71BEE06BBA}.Debug|Any CPU.ActiveCfg = Debug|Any CPU
		{CC9B2FD2-369A-4965-921D-FF71BEE06BBA}.Debug|Any CPU.Build.0 = Debug|Any CPU
		{CC9B2FD2-369A-4965-921D-FF71BEE06BBA}.Release|Any CPU.ActiveCfg = Release|Any CPU
		{CC9B2FD2-369A-4965-921D-FF71BEE06BBA}.Release|Any CPU.Build.0 = Release|Any CPU
		{299C4FBB-D8DF-48FB-BD43-16067DC498E2}.Debug|Any CPU.ActiveCfg = Debug|Any CPU
		{299C4FBB-D8DF-48FB-BD43-16067DC498E2}.Debug|Any CPU.Build.0 = Debug|Any CPU
		{299C4FBB-D8DF-48FB-BD43-16067DC498E2}.Release|Any CPU.ActiveCfg = Release|Any CPU
		{299C4FBB-D8DF-48FB-BD43-16067DC498E2}.Release|Any CPU.Build.0 = Release|Any CPU
		{C811BD6A-7113-4BBC-98AC-9C080EED86AC}.Debug|Any CPU.ActiveCfg = Debug|Any CPU
		{C811BD6A-7113-4BBC-98AC-9C080EED86AC}.Debug|Any CPU.Build.0 = Debug|Any CPU
		{C811BD6A-7113-4BBC-98AC-9C080EED86AC}.Release|Any CPU.ActiveCfg = Release|Any CPU
		{C811BD6A-7113-4BBC-98AC-9C080EED86AC}.Release|Any CPU.Build.0 = Release|Any CPU
	EndGlobalSection
	GlobalSection(SolutionProperties) = preSolution
		HideSolutionNode = FALSE
	EndGlobalSection
	GlobalSection(ExtensibilityGlobals) = postSolution
		SolutionGuid = {BD6E2510-4D06-4007-B935-359B989DC8E1}
	EndGlobalSection
EndGlobal
